
Microsoft Visual Studio Solution File, Format Version 12.00
# Visual Studio 15
VisualStudioVersion = 15.0.27703.2042
MinimumVisualStudioVersion = 10.0.40219.1
Project("{FAE04EC0-301F-11D3-BF4B-00C04F79EFBC}") = "GUI", "Produsis\GUI.csproj", "{6D26B478-39AE-4F30-AE79-F34B1F26BD07}"
EndProject
Project("{FAE04EC0-301F-11D3-BF4B-00C04F79EFBC}") = "ProdusisBD", "ProdusisBD\ProdusisBD.csproj", "{F928F7A8-9172-41AD-857A-4CAF573B0A29}"
EndProject
Project("{FAE04EC0-301F-11D3-BF4B-00C04F79EFBC}") = "BLL", "BLL\BLL.csproj", "{70B2B01B-3731-4790-BA2B-EB106973A3AD}"
EndProject
Project("{FAE04EC0-301F-11D3-BF4B-00C04F79EFBC}") = "DAL", "DAL\DAL.csproj", "{A1BD5847-5FE4-4DC5-A701-963C11C48988}"
EndProject
Project("{FAE04EC0-301F-11D3-BF4B-00C04F79EFBC}") = "Portaria", "Portaria\Portaria.csproj", "{404E0A2C-0D13-461A-934D-0F0043FB3B35}"
EndProject
Global
	GlobalSection(SolutionConfigurationPlatforms) = preSolution
		Debug|Any CPU = Debug|Any CPU
		Release|Any CPU = Release|Any CPU
	EndGlobalSection
	GlobalSection(ProjectConfigurationPlatforms) = postSolution
		{6D26B478-39AE-4F30-AE79-F34B1F26BD07}.Debug|Any CPU.ActiveCfg = Debug|Any CPU
		{6D26B478-39AE-4F30-AE79-F34B1F26BD07}.Debug|Any CPU.Build.0 = Debug|Any CPU
		{6D26B478-39AE-4F30-AE79-F34B1F26BD07}.Release|Any CPU.ActiveCfg = Release|Any CPU
		{6D26B478-39AE-4F30-AE79-F34B1F26BD07}.Release|Any CPU.Build.0 = Release|Any CPU
		{F928F7A8-9172-41AD-857A-4CAF573B0A29}.Debug|Any CPU.ActiveCfg = Debug|Any CPU
		{F928F7A8-9172-41AD-857A-4CAF573B0A29}.Debug|Any CPU.Build.0 = Debug|Any CPU
		{F928F7A8-9172-41AD-857A-4CAF573B0A29}.Release|Any CPU.ActiveCfg = Release|Any CPU
		{F928F7A8-9172-41AD-857A-4CAF573B0A29}.Release|Any CPU.Build.0 = Release|Any CPU
		{70B2B01B-3731-4790-BA2B-EB106973A3AD}.Debug|Any CPU.ActiveCfg = Debug|Any CPU
		{70B2B01B-3731-4790-BA2B-EB106973A3AD}.Debug|Any CPU.Build.0 = Debug|Any CPU
		{70B2B01B-3731-4790-BA2B-EB106973A3AD}.Release|Any CPU.ActiveCfg = Release|Any CPU
		{70B2B01B-3731-4790-BA2B-EB106973A3AD}.Release|Any CPU.Build.0 = Release|Any CPU
		{A1BD5847-5FE4-4DC5-A701-963C11C48988}.Debug|Any CPU.ActiveCfg = Debug|Any CPU
		{A1BD5847-5FE4-4DC5-A701-963C11C48988}.Debug|Any CPU.Build.0 = Debug|Any CPU
		{A1BD5847-5FE4-4DC5-A701-963C11C48988}.Release|Any CPU.ActiveCfg = Release|Any CPU
		{A1BD5847-5FE4-4DC5-A701-963C11C48988}.Release|Any CPU.Build.0 = Release|Any CPU
		{404E0A2C-0D13-461A-934D-0F0043FB3B35}.Debug|Any CPU.ActiveCfg = Debug|Any CPU
		{404E0A2C-0D13-461A-934D-0F0043FB3B35}.Debug|Any CPU.Build.0 = Debug|Any CPU
		{404E0A2C-0D13-461A-934D-0F0043FB3B35}.Release|Any CPU.ActiveCfg = Release|Any CPU
		{404E0A2C-0D13-461A-934D-0F0043FB3B35}.Release|Any CPU.Build.0 = Release|Any CPU
	EndGlobalSection
	GlobalSection(SolutionProperties) = preSolution
		HideSolutionNode = FALSE
	EndGlobalSection
	GlobalSection(ExtensibilityGlobals) = postSolution
		SolutionGuid = {416979FF-416E-4ACF-9CEB-9FAE1B35997D}
	EndGlobalSection
EndGlobal
